// !$*UTF8*$!
{
	archiveVersion = 1;
	classes = {
	};
	objectVersion = 50;
	objects = {

/* Begin PBXBuildFile section */
		201106E82620919600E95E82 /* AppDelegate.swift in Sources */ = {isa = PBXBuildFile; fileRef = 201106E72620919600E95E82 /* AppDelegate.swift */; };
		201106EA2620919600E95E82 /* SceneDelegate.swift in Sources */ = {isa = PBXBuildFile; fileRef = 201106E92620919600E95E82 /* SceneDelegate.swift */; };
		201106EC2620919600E95E82 /* ViewController.swift in Sources */ = {isa = PBXBuildFile; fileRef = 201106EB2620919600E95E82 /* ViewController.swift */; };
		201106EF2620919600E95E82 /* Main.storyboard in Resources */ = {isa = PBXBuildFile; fileRef = 201106ED2620919600E95E82 /* Main.storyboard */; };
		201106F12620919800E95E82 /* Assets.xcassets in Resources */ = {isa = PBXBuildFile; fileRef = 201106F02620919800E95E82 /* Assets.xcassets */; };
		201106F42620919800E95E82 /* LaunchScreen.storyboard in Resources */ = {isa = PBXBuildFile; fileRef = 201106F22620919800E95E82 /* LaunchScreen.storyboard */; };
		20B2BD972628377600222C41 /* Game.swift in Sources */ = {isa = PBXBuildFile; fileRef = 20B2BD962628377600222C41 /* Game.swift */; };
		20B2BD9A262881A500222C41 /* QuestionManager.swift in Sources */ = {isa = PBXBuildFile; fileRef = 20B2BD99262881A500222C41 /* QuestionManager.swift */; };
		20B2BD9F262F1A3100222C41 /* QuestionView.swift in Sources */ = {isa = PBXBuildFile; fileRef = 20B2BD9E262F1A3100222C41 /* QuestionView.swift */; };
		20E1E61B2625ECC1003D8612 /* Balham.otf in Resources */ = {isa = PBXBuildFile; fileRef = 20E1E61A2625ECC1003D8612 /* Balham.otf */; };
		20E1E622262723AC003D8612 /* Question.swift in Sources */ = {isa = PBXBuildFile; fileRef = 20E1E621262723AC003D8612 /* Question.swift */; };
/* End PBXBuildFile section */

/* Begin PBXFileReference section */
		201106E42620919600E95E82 /* OpenQuizz.app */ = {isa = PBXFileReference; explicitFileType = wrapper.application; includeInIndex = 0; path = OpenQuizz.app; sourceTree = BUILT_PRODUCTS_DIR; };
		201106E72620919600E95E82 /* AppDelegate.swift */ = {isa = PBXFileReference; lastKnownFileType = sourcecode.swift; path = AppDelegate.swift; sourceTree = "<group>"; };
		201106E92620919600E95E82 /* SceneDelegate.swift */ = {isa = PBXFileReference; lastKnownFileType = sourcecode.swift; path = SceneDelegate.swift; sourceTree = "<group>"; };
		201106EB2620919600E95E82 /* ViewController.swift */ = {isa = PBXFileReference; lastKnownFileType = sourcecode.swift; path = ViewController.swift; sourceTree = "<group>"; };
		201106EE2620919600E95E82 /* Base */ = {isa = PBXFileReference; lastKnownFileType = file.storyboard; name = Base; path = Base.lproj/Main.storyboard; sourceTree = "<group>"; };
		201106F02620919800E95E82 /* Assets.xcassets */ = {isa = PBXFileReference; lastKnownFileType = folder.assetcatalog; path = Assets.xcassets; sourceTree = "<group>"; };
		201106F32620919800E95E82 /* Base */ = {isa = PBXFileReference; lastKnownFileType = file.storyboard; name = Base; path = Base.lproj/LaunchScreen.storyboard; sourceTree = "<group>"; };
		201106F52620919800E95E82 /* Info.plist */ = {isa = PBXFileReference; lastKnownFileType = text.plist.xml; path = Info.plist; sourceTree = "<group>"; };
		20B2BD962628377600222C41 /* Game.swift */ = {isa = PBXFileReference; fileEncoding = 4; lastKnownFileType = sourcecode.swift; path = Game.swift; sourceTree = "<group>"; };
		20B2BD99262881A500222C41 /* QuestionManager.swift */ = {isa = PBXFileReference; fileEncoding = 4; lastKnownFileType = sourcecode.swift; path = QuestionManager.swift; sourceTree = "<group>"; };
		20B2BD9E262F1A3100222C41 /* QuestionView.swift */ = {isa = PBXFileReference; lastKnownFileType = sourcecode.swift; path = QuestionView.swift; sourceTree = "<group>"; };
		20E1E61A2625ECC1003D8612 /* Balham.otf */ = {isa = PBXFileReference; lastKnownFileType = file; name = Balham.otf; path = "OpenQuizz/Supporting Files/Balham.otf"; sourceTree = SOURCE_ROOT; };
		20E1E621262723AC003D8612 /* Question.swift */ = {isa = PBXFileReference; lastKnownFileType = sourcecode.swift; path = Question.swift; sourceTree = "<group>"; };
/* End PBXFileReference section */

/* Begin PBXFrameworksBuildPhase section */
		201106E12620919600E95E82 /* Frameworks */ = {
			isa = PBXFrameworksBuildPhase;
			buildActionMask = 2147483647;
			files = (
			);
			runOnlyForDeploymentPostprocessing = 0;
		};
/* End PBXFrameworksBuildPhase section */

/* Begin PBXGroup section */
		201106DB2620919600E95E82 = {
			isa = PBXGroup;
			children = (
				201106E62620919600E95E82 /* OpenQuizz */,
				201106E52620919600E95E82 /* Products */,
			);
			sourceTree = "<group>";
		};
		201106E52620919600E95E82 /* Products */ = {
			isa = PBXGroup;
			children = (
				201106E42620919600E95E82 /* OpenQuizz.app */,
			);
			name = Products;
			sourceTree = "<group>";
		};
		201106E62620919600E95E82 /* OpenQuizz */ = {
			isa = PBXGroup;
			children = (
				20E1E6202626F35B003D8612 /* Supporting Files */,
				20E1E61D2626F2AA003D8612 /* Model */,
				20E1E61F2626F30E003D8612 /* Controller */,
				20E1E61E2626F303003D8612 /* View */,
			);
			path = OpenQuizz;
			sourceTree = "<group>";
		};
		20E1E61D2626F2AA003D8612 /* Model */ = {
			isa = PBXGroup;
			children = (
				20B2BD99262881A500222C41 /* QuestionManager.swift */,
				20B2BD962628377600222C41 /* Game.swift */,
				20E1E621262723AC003D8612 /* Question.swift */,
			);
			path = Model;
			sourceTree = "<group>";
		};
		20E1E61E2626F303003D8612 /* View */ = {
			isa = PBXGroup;
			children = (
				201106ED2620919600E95E82 /* Main.storyboard */,
				20B2BD9E262F1A3100222C41 /* QuestionView.swift */,
			);
			path = View;
			sourceTree = "<group>";
		};
		20E1E61F2626F30E003D8612 /* Controller */ = {
			isa = PBXGroup;
			children = (
				201106EB2620919600E95E82 /* ViewController.swift */,
			);
			path = Controller;
			sourceTree = "<group>";
		};
		20E1E6202626F35B003D8612 /* Supporting Files */ = {
			isa = PBXGroup;
			children = (
				201106E72620919600E95E82 /* AppDelegate.swift */,
				201106E92620919600E95E82 /* SceneDelegate.swift */,
				201106F02620919800E95E82 /* Assets.xcassets */,
				20E1E61A2625ECC1003D8612 /* Balham.otf */,
				201106F22620919800E95E82 /* LaunchScreen.storyboard */,
				201106F52620919800E95E82 /* Info.plist */,
			);
			path = "Supporting Files";
			sourceTree = "<group>";
		};
/* End PBXGroup section */

/* Begin PBXNativeTarget section */
		201106E32620919600E95E82 /* OpenQuizz */ = {
			isa = PBXNativeTarget;
			buildConfigurationList = 201106F82620919800E95E82 /* Build configuration list for PBXNativeTarget "OpenQuizz" */;
			buildPhases = (
				201106E02620919600E95E82 /* Sources */,
				201106E12620919600E95E82 /* Frameworks */,
				201106E22620919600E95E82 /* Resources */,
			);
			buildRules = (
			);
			dependencies = (
			);
			name = OpenQuizz;
			productName = OpenQuizz;
			productReference = 201106E42620919600E95E82 /* OpenQuizz.app */;
			productType = "com.apple.product-type.application";
		};
/* End PBXNativeTarget section */

/* Begin PBXProject section */
		201106DC2620919600E95E82 /* Project object */ = {
			isa = PBXProject;
			attributes = {
				LastSwiftUpdateCheck = 1240;
				LastUpgradeCheck = 1240;
				TargetAttributes = {
					201106E32620919600E95E82 = {
						CreatedOnToolsVersion = 12.4;
					};
				};
			};
			buildConfigurationList = 201106DF2620919600E95E82 /* Build configuration list for PBXProject "OpenQuizz" */;
			compatibilityVersion = "Xcode 9.3";
			developmentRegion = en;
			hasScannedForEncodings = 0;
			knownRegions = (
				en,
				Base,
			);
			mainGroup = 201106DB2620919600E95E82;
			productRefGroup = 201106E52620919600E95E82 /* Products */;
			projectDirPath = "";
			projectRoot = "";
			targets = (
				201106E32620919600E95E82 /* OpenQuizz */,
			);
		};
/* End PBXProject section */

/* Begin PBXResourcesBuildPhase section */
		201106E22620919600E95E82 /* Resources */ = {
			isa = PBXResourcesBuildPhase;
			buildActionMask = 2147483647;
			files = (
				201106F42620919800E95E82 /* LaunchScreen.storyboard in Resources */,
				201106F12620919800E95E82 /* Assets.xcassets in Resources */,
				20E1E61B2625ECC1003D8612 /* Balham.otf in Resources */,
				201106EF2620919600E95E82 /* Main.storyboard in Resources */,
			);
			runOnlyForDeploymentPostprocessing = 0;
		};
/* End PBXResourcesBuildPhase section */

/* Begin PBXSourcesBuildPhase section */
		201106E02620919600E95E82 /* Sources */ = {
			isa = PBXSourcesBuildPhase;
			buildActionMask = 2147483647;
			files = (
				201106EC2620919600E95E82 /* ViewController.swift in Sources */,
				20B2BD972628377600222C41 /* Game.swift in Sources */,
				20E1E622262723AC003D8612 /* Question.swift in Sources */,
				20B2BD9F262F1A3100222C41 /* QuestionView.swift in Sources */,
				201106E82620919600E95E82 /* AppDelegate.swift in Sources */,
				201106EA2620919600E95E82 /* SceneDelegate.swift in Sources */,
				20B2BD9A262881A500222C41 /* QuestionManager.swift in Sources */,
			);
			runOnlyForDeploymentPostprocessing = 0;
		};
/* End PBXSourcesBuildPhase section */

/* Begin PBXVariantGroup section */
		201106ED2620919600E95E82 /* Main.storyboard */ = {
			isa = PBXVariantGroup;
			children = (
				201106EE2620919600E95E82 /* Base */,
			);
			name = Main.storyboard;
			sourceTree = "<group>";
		};
		201106F22620919800E95E82 /* LaunchScreen.storyboard */ = {
			isa = PBXVariantGroup;
			children = (
				201106F32620919800E95E82 /* Base */,
			);
			name = LaunchScreen.storyboard;
			sourceTree = "<group>";
		};
/* End PBXVariantGroup section */

/* Begin XCBuildConfiguration section */
		201106F62620919800E95E82 /* Debug */ = {
			isa = XCBuildConfiguration;
			buildSettings = {
				ALWAYS_SEARCH_USER_PATHS = NO;
				CLANG_ANALYZER_NONNULL = YES;
				CLANG_ANALYZER_NUMBER_OBJECT_CONVERSION = YES_AGGRESSIVE;
				CLANG_CXX_LANGUAGE_STANDARD = "gnu++14";
				CLANG_CXX_LIBRARY = "libc++";
				CLANG_ENABLE_MODULES = YES;
				CLANG_ENABLE_OBJC_ARC = YES;
				CLANG_ENABLE_OBJC_WEAK = YES;
				CLANG_WARN_BLOCK_CAPTURE_AUTORELEASING = YES;
				CLANG_WARN_BOOL_CONVERSION = YES;
				CLANG_WARN_COMMA = YES;
				CLANG_WARN_CONSTANT_CONVERSION = YES;
				CLANG_WARN_DEPRECATED_OBJC_IMPLEMENTATIONS = YES;
				CLANG_WARN_DIRECT_OBJC_ISA_USAGE = YES_ERROR;
				CLANG_WARN_DOCUMENTATION_COMMENTS = YES;
				CLANG_WARN_EMPTY_BODY = YES;
				CLANG_WARN_ENUM_CONVERSION = YES;
				CLANG_WARN_INFINITE_RECURSION = YES;
				CLANG_WARN_INT_CONVERSION = YES;
				CLANG_WARN_NON_LITERAL_NULL_CONVERSION = YES;
				CLANG_WARN_OBJC_IMPLICIT_RETAIN_SELF = YES;
				CLANG_WARN_OBJC_LITERAL_CONVERSION = YES;
				CLANG_WARN_OBJC_ROOT_CLASS = YES_ERROR;
				CLANG_WARN_QUOTED_INCLUDE_IN_FRAMEWORK_HEADER = YES;
				CLANG_WARN_RANGE_LOOP_ANALYSIS = YES;
				CLANG_WARN_STRICT_PROTOTYPES = YES;
				CLANG_WARN_SUSPICIOUS_MOVE = YES;
				CLANG_WARN_UNGUARDED_AVAILABILITY = YES_AGGRESSIVE;
				CLANG_WARN_UNREACHABLE_CODE = YES;
				CLANG_WARN__DUPLICATE_METHOD_MATCH = YES;
				COPY_PHASE_STRIP = NO;
				DEBUG_INFORMATION_FORMAT = dwarf;
				ENABLE_STRICT_OBJC_MSGSEND = YES;
				ENABLE_TESTABILITY = YES;
				GCC_C_LANGUAGE_STANDARD = gnu11;
				GCC_DYNAMIC_NO_PIC = NO;
				GCC_NO_COMMON_BLOCKS = YES;
				GCC_OPTIMIZATION_LEVEL = 0;
				GCC_PREPROCESSOR_DEFINITIONS = (
					"DEBUG=1",
					"$(inherited)",
				);
				GCC_WARN_64_TO_32_BIT_CONVERSION = YES;
				GCC_WARN_ABOUT_RETURN_TYPE = YES_ERROR;
				GCC_WARN_UNDECLARED_SELECTOR = YES;
				GCC_WARN_UNINITIALIZED_AUTOS = YES_AGGRESSIVE;
				GCC_WARN_UNUSED_FUNCTION = YES;
				GCC_WARN_UNUSED_VARIABLE = YES;
				IPHONEOS_DEPLOYMENT_TARGET = 14.4;
				MTL_ENABLE_DEBUG_INFO = INCLUDE_SOURCE;
				MTL_FAST_MATH = YES;
				ONLY_ACTIVE_ARCH = YES;
				SDKROOT = iphoneos;
				SWIFT_ACTIVE_COMPILATION_CONDITIONS = DEBUG;
				SWIFT_OPTIMIZATION_LEVEL = "-Onone";
			};
			name = Debug;
		};
		201106F72620919800E95E82 /* Release */ = {
			isa = XCBuildConfiguration;
			buildSettings = {
				ALWAYS_SEARCH_USER_PATHS = NO;
				CLANG_ANALYZER_NONNULL = YES;
				CLANG_ANALYZER_NUMBER_OBJECT_CONVERSION = YES_AGGRESSIVE;
				CLANG_CXX_LANGUAGE_STANDARD = "gnu++14";
				CLANG_CXX_LIBRARY = "libc++";
				CLANG_ENABLE_MODULES = YES;
				CLANG_ENABLE_OBJC_ARC = YES;
				CLANG_ENABLE_OBJC_WEAK = YES;
				CLANG_WARN_BLOCK_CAPTURE_AUTORELEASING = YES;
				CLANG_WARN_BOOL_CONVERSION = YES;
				CLANG_WARN_COMMA = YES;
				CLANG_WARN_CONSTANT_CONVERSION = YES;
				CLANG_WARN_DEPRECATED_OBJC_IMPLEMENTATIONS = YES;
				CLANG_WARN_DIRECT_OBJC_ISA_USAGE = YES_ERROR;
				CLANG_WARN_DOCUMENTATION_COMMENTS = YES;
				CLANG_WARN_EMPTY_BODY = YES;
				CLANG_WARN_ENUM_CONVERSION = YES;
				CLANG_WARN_INFINITE_RECURSION = YES;
				CLANG_WARN_INT_CONVERSION = YES;
				CLANG_WARN_NON_LITERAL_NULL_CONVERSION = YES;
				CLANG_WARN_OBJC_IMPLICIT_RETAIN_SELF = YES;
				CLANG_WARN_OBJC_LITERAL_CONVERSION = YES;
				CLANG_WARN_OBJC_ROOT_CLASS = YES_ERROR;
				CLANG_WARN_QUOTED_INCLUDE_IN_FRAMEWORK_HEADER = YES;
				CLANG_WARN_RANGE_LOOP_ANALYSIS = YES;
				CLANG_WARN_STRICT_PROTOTYPES = YES;
				CLANG_WARN_SUSPICIOUS_MOVE = YES;
				CLANG_WARN_UNGUARDED_AVAILABILITY = YES_AGGRESSIVE;
				CLANG_WARN_UNREACHABLE_CODE = YES;
				CLANG_WARN__DUPLICATE_METHOD_MATCH = YES;
				COPY_PHASE_STRIP = NO;
				DEBUG_INFORMATION_FORMAT = "dwarf-with-dsym";
				ENABLE_NS_ASSERTIONS = NO;
				ENABLE_STRICT_OBJC_MSGSEND = YES;
				GCC_C_LANGUAGE_STANDARD = gnu11;
				GCC_NO_COMMON_BLOCKS = YES;
				GCC_WARN_64_TO_32_BIT_CONVERSION = YES;
				GCC_WARN_ABOUT_RETURN_TYPE = YES_ERROR;
				GCC_WARN_UNDECLARED_SELECTOR = YES;
				GCC_WARN_UNINITIALIZED_AUTOS = YES_AGGRESSIVE;
				GCC_WARN_UNUSED_FUNCTION = YES;
				GCC_WARN_UNUSED_VARIABLE = YES;
				IPHONEOS_DEPLOYMENT_TARGET = 14.4;
				MTL_ENABLE_DEBUG_INFO = NO;
				MTL_FAST_MATH = YES;
				SDKROOT = iphoneos;
				SWIFT_COMPILATION_MODE = wholemodule;
				SWIFT_OPTIMIZATION_LEVEL = "-O";
				VALIDATE_PRODUCT = YES;
			};
			name = Release;
		};
		201106F92620919800E95E82 /* Debug */ = {
			isa = XCBuildConfiguration;
			buildSettings = {
				ASSETCATALOG_COMPILER_APPICON_NAME = AppIcon;
				ASSETCATALOG_COMPILER_GLOBAL_ACCENT_COLOR_NAME = AccentColor;
				CODE_SIGN_STYLE = Automatic;
				INFOPLIST_FILE = "OpenQuizz/Supporting Files/Info.plist";
				LD_RUNPATH_SEARCH_PATHS = (
					"$(inherited)",
					"@executable_path/Frameworks",
				);
				PRODUCT_BUNDLE_IDENTIFIER = com.jacquinlaura.OpenQuizz;
				PRODUCT_NAME = "$(TARGET_NAME)";
				SWIFT_VERSION = 5.0;
				TARGETED_DEVICE_FAMILY = "1,2";
			};
			name = Debug;
		};
		201106FA2620919800E95E82 /* Release */ = {
			isa = XCBuildConfiguration;
			buildSettings = {
				ASSETCATALOG_COMPILER_APPICON_NAME = AppIcon;
				ASSETCATALOG_COMPILER_GLOBAL_ACCENT_COLOR_NAME = AccentColor;
				CODE_SIGN_STYLE = Automatic;
				INFOPLIST_FILE = "OpenQuizz/Supporting Files/Info.plist";
				LD_RUNPATH_SEARCH_PATHS = (
					"$(inherited)",
					"@executable_path/Frameworks",
				);
				PRODUCT_BUNDLE_IDENTIFIER = com.jacquinlaura.OpenQuizz;
				PRODUCT_NAME = "$(TARGET_NAME)";
				SWIFT_VERSION = 5.0;
				TARGETED_DEVICE_FAMILY = "1,2";
			};
			name = Release;
		};
/* End XCBuildConfiguration section */

/* Begin XCConfigurationList section */
		201106DF2620919600E95E82 /* Build configuration list for PBXProject "OpenQuizz" */ = {
			isa = XCConfigurationList;
			buildConfigurations = (
				201106F62620919800E95E82 /* Debug */,
				201106F72620919800E95E82 /* Release */,
			);
			defaultConfigurationIsVisible = 0;
			defaultConfigurationName = Release;
		};
		201106F82620919800E95E82 /* Build configuration list for PBXNativeTarget "OpenQuizz" */ = {
			isa = XCConfigurationList;
			buildConfigurations = (
				201106F92620919800E95E82 /* Debug */,
				201106FA2620919800E95E82 /* Release */,
			);
			defaultConfigurationIsVisible = 0;
			defaultConfigurationName = Release;
		};
/* End XCConfigurationList section */
	};
	rootObject = 201106DC2620919600E95E82 /* Project object */;
}
